
Microsoft Visual Studio Solution File, Format Version 12.00
# Visual Studio Version 16
VisualStudioVersion = 16.0.29920.165
MinimumVisualStudioVersion = 10.0.40219.1
Project("{FAE04EC0-301F-11D3-BF4B-00C04F79EFBC}") = "corretaje", "corretaje\corretaje.csproj", "{D1C82EE8-9B0B-4887-A5AC-3F3D532379CD}"
EndProject
Global
	GlobalSection(SolutionConfigurationPlatforms) = preSolution
		Debug|Any CPU = Debug|Any CPU
		Release|Any CPU = Release|Any CPU
	EndGlobalSection
	GlobalSection(ProjectConfigurationPlatforms) = postSolution
		{D1C82EE8-9B0B-4887-A5AC-3F3D532379CD}.Debug|Any CPU.ActiveCfg = Debug|Any CPU
		{D1C82EE8-9B0B-4887-A5AC-3F3D532379CD}.Debug|Any CPU.Build.0 = Debug|Any CPU
		{D1C82EE8-9B0B-4887-A5AC-3F3D532379CD}.Release|Any CPU.ActiveCfg = Release|Any CPU
		{D1C82EE8-9B0B-4887-A5AC-3F3D532379CD}.Release|Any CPU.Build.0 = Release|Any CPU
	EndGlobalSection
	GlobalSection(SolutionProperties) = preSolution
		HideSolutionNode = FALSE
	EndGlobalSection
	GlobalSection(ExtensibilityGlobals) = postSolution
		SolutionGuid = {CF7EF094-9E21-40EC-B57E-6962C60E5BEC}
	EndGlobalSection
EndGlobal
